
Microsoft Visual Studio Solution File, Format Version 12.00
# Visual Studio 15
VisualStudioVersion = 15.0.28307.489
MinimumVisualStudioVersion = 10.0.40219.1
Project("{FAE04EC0-301F-11D3-BF4B-00C04F79EFBC}") = "WMSWeb", "WMSWeb\WMSWeb.csproj", "{926FD4CA-027B-4182-8FCD-315E47D352D0}"
EndProject
Global
	GlobalSection(SolutionConfigurationPlatforms) = preSolution
		Debug|Any CPU = Debug|Any CPU
		Release|Any CPU = Release|Any CPU
	EndGlobalSection
	GlobalSection(ProjectConfigurationPlatforms) = postSolution
		{926FD4CA-027B-4182-8FCD-315E47D352D0}.Debug|Any CPU.ActiveCfg = Debug|Any CPU
		{926FD4CA-027B-4182-8FCD-315E47D352D0}.Debug|Any CPU.Build.0 = Debug|Any CPU
		{926FD4CA-027B-4182-8FCD-315E47D352D0}.Release|Any CPU.ActiveCfg = Release|Any CPU
		{926FD4CA-027B-4182-8FCD-315E47D352D0}.Release|Any CPU.Build.0 = Release|Any CPU
	EndGlobalSection
	GlobalSection(SolutionProperties) = preSolution
		HideSolutionNode = FALSE
	EndGlobalSection
	GlobalSection(ExtensibilityGlobals) = postSolution
		SolutionGuid = {AFB2F37D-669F-4282-9541-23CB115C206D}
	EndGlobalSection
EndGlobal
